
Microsoft Visual Studio Solution File, Format Version 12.00
# Visual Studio Version 17
VisualStudioVersion = 17.9.34728.123
MinimumVisualStudioVersion = 10.0.40219.1
Project("{FAE04EC0-301F-11D3-BF4B-00C04F79EFBC}") = "PartneriOsiguranje", "PartneriOsiguranje\PartneriOsiguranje.csproj", "{B61ACF84-F919-4691-B345-8184E9C8F812}"
EndProject
Project("{00D1A9C2-B5F0-4AF3-8072-F6C62B433612}") = "PartnerDB", "PartnerDB\PartnerDB.sqlproj", "{4710E99C-FB60-4F3F-B9E2-BB82D5F622CC}"
EndProject
Project("{FAE04EC0-301F-11D3-BF4B-00C04F79EFBC}") = "DataAcess", "DataAcess\DataAcess.csproj", "{6515D016-9E7B-4844-BDD3-3D6B123D6801}"
EndProject
Global
	GlobalSection(SolutionConfigurationPlatforms) = preSolution
		Debug|Any CPU = Debug|Any CPU
		Release|Any CPU = Release|Any CPU
	EndGlobalSection
	GlobalSection(ProjectConfigurationPlatforms) = postSolution
		{B61ACF84-F919-4691-B345-8184E9C8F812}.Debug|Any CPU.ActiveCfg = Debug|Any CPU
		{B61ACF84-F919-4691-B345-8184E9C8F812}.Debug|Any CPU.Build.0 = Debug|Any CPU
		{B61ACF84-F919-4691-B345-8184E9C8F812}.Release|Any CPU.ActiveCfg = Release|Any CPU
		{B61ACF84-F919-4691-B345-8184E9C8F812}.Release|Any CPU.Build.0 = Release|Any CPU
		{4710E99C-FB60-4F3F-B9E2-BB82D5F622CC}.Debug|Any CPU.ActiveCfg = Debug|Any CPU
		{4710E99C-FB60-4F3F-B9E2-BB82D5F622CC}.Debug|Any CPU.Build.0 = Debug|Any CPU
		{4710E99C-FB60-4F3F-B9E2-BB82D5F622CC}.Debug|Any CPU.Deploy.0 = Debug|Any CPU
		{4710E99C-FB60-4F3F-B9E2-BB82D5F622CC}.Release|Any CPU.ActiveCfg = Release|Any CPU
		{4710E99C-FB60-4F3F-B9E2-BB82D5F622CC}.Release|Any CPU.Build.0 = Release|Any CPU
		{4710E99C-FB60-4F3F-B9E2-BB82D5F622CC}.Release|Any CPU.Deploy.0 = Release|Any CPU
		{6515D016-9E7B-4844-BDD3-3D6B123D6801}.Debug|Any CPU.ActiveCfg = Debug|Any CPU
		{6515D016-9E7B-4844-BDD3-3D6B123D6801}.Debug|Any CPU.Build.0 = Debug|Any CPU
		{6515D016-9E7B-4844-BDD3-3D6B123D6801}.Release|Any CPU.ActiveCfg = Release|Any CPU
		{6515D016-9E7B-4844-BDD3-3D6B123D6801}.Release|Any CPU.Build.0 = Release|Any CPU
	EndGlobalSection
	GlobalSection(SolutionProperties) = preSolution
		HideSolutionNode = FALSE
	EndGlobalSection
	GlobalSection(ExtensibilityGlobals) = postSolution
		SolutionGuid = {0791CD98-F7B2-4FA5-94DF-87824484583D}
	EndGlobalSection
EndGlobal
